
Microsoft Visual Studio Solution File, Format Version 12.00
# Visual Studio Version 17
VisualStudioVersion = 17.0.32112.339
MinimumVisualStudioVersion = 10.0.40219.1
Project("{9A19103F-16F7-4668-BE54-9A1E7A4F7556}") = "Entities", "Entities\Entities.csproj", "{2ABBDBE7-DE3C-486B-A9EE-F23D7D3BC63D}"
EndProject
Project("{9A19103F-16F7-4668-BE54-9A1E7A4F7556}") = "Business", "Business\Business.csproj", "{E5B39438-A1EA-44D7-8F36-DDFD853F7A88}"
EndProject
Project("{9A19103F-16F7-4668-BE54-9A1E7A4F7556}") = "DataAccess", "DataAccess\DataAccess.csproj", "{40EF794F-BAB1-4399-8011-549703D14674}"
EndProject
Project("{9A19103F-16F7-4668-BE54-9A1E7A4F7556}") = "UI", "UI\UI.csproj", "{298AA584-FFC2-4994-9CCE-6117C1259B5F}"
EndProject
Project("{9A19103F-16F7-4668-BE54-9A1E7A4F7556}") = "Core", "Core\Core.csproj", "{4AF798D6-B667-4CDC-A0D0-F155AAAFFD54}"
EndProject
Project("{FAE04EC0-301F-11D3-BF4B-00C04F79EFBC}") = "WebAPI1", "WebAPI1\WebAPI1.csproj", "{F7BAFE53-29B9-42F6-84D1-A396E92EA58F}"
EndProject
Global
	GlobalSection(SolutionConfigurationPlatforms) = preSolution
		Debug|Any CPU = Debug|Any CPU
		Release|Any CPU = Release|Any CPU
	EndGlobalSection
	GlobalSection(ProjectConfigurationPlatforms) = postSolution
		{2ABBDBE7-DE3C-486B-A9EE-F23D7D3BC63D}.Debug|Any CPU.ActiveCfg = Debug|Any CPU
		{2ABBDBE7-DE3C-486B-A9EE-F23D7D3BC63D}.Debug|Any CPU.Build.0 = Debug|Any CPU
		{2ABBDBE7-DE3C-486B-A9EE-F23D7D3BC63D}.Release|Any CPU.ActiveCfg = Release|Any CPU
		{2ABBDBE7-DE3C-486B-A9EE-F23D7D3BC63D}.Release|Any CPU.Build.0 = Release|Any CPU
		{E5B39438-A1EA-44D7-8F36-DDFD853F7A88}.Debug|Any CPU.ActiveCfg = Debug|Any CPU
		{E5B39438-A1EA-44D7-8F36-DDFD853F7A88}.Debug|Any CPU.Build.0 = Debug|Any CPU
		{E5B39438-A1EA-44D7-8F36-DDFD853F7A88}.Release|Any CPU.ActiveCfg = Release|Any CPU
		{E5B39438-A1EA-44D7-8F36-DDFD853F7A88}.Release|Any CPU.Build.0 = Release|Any CPU
		{40EF794F-BAB1-4399-8011-549703D14674}.Debug|Any CPU.ActiveCfg = Debug|Any CPU
		{40EF794F-BAB1-4399-8011-549703D14674}.Debug|Any CPU.Build.0 = Debug|Any CPU
		{40EF794F-BAB1-4399-8011-549703D14674}.Release|Any CPU.ActiveCfg = Release|Any CPU
		{40EF794F-BAB1-4399-8011-549703D14674}.Release|Any CPU.Build.0 = Release|Any CPU
		{298AA584-FFC2-4994-9CCE-6117C1259B5F}.Debug|Any CPU.ActiveCfg = Debug|Any CPU
		{298AA584-FFC2-4994-9CCE-6117C1259B5F}.Debug|Any CPU.Build.0 = Debug|Any CPU
		{298AA584-FFC2-4994-9CCE-6117C1259B5F}.Release|Any CPU.ActiveCfg = Release|Any CPU
		{298AA584-FFC2-4994-9CCE-6117C1259B5F}.Release|Any CPU.Build.0 = Release|Any CPU
		{4AF798D6-B667-4CDC-A0D0-F155AAAFFD54}.Debug|Any CPU.ActiveCfg = Debug|Any CPU
		{4AF798D6-B667-4CDC-A0D0-F155AAAFFD54}.Debug|Any CPU.Build.0 = Debug|Any CPU
		{4AF798D6-B667-4CDC-A0D0-F155AAAFFD54}.Release|Any CPU.ActiveCfg = Release|Any CPU
		{4AF798D6-B667-4CDC-A0D0-F155AAAFFD54}.Release|Any CPU.Build.0 = Release|Any CPU
		{F7BAFE53-29B9-42F6-84D1-A396E92EA58F}.Debug|Any CPU.ActiveCfg = Debug|Any CPU
		{F7BAFE53-29B9-42F6-84D1-A396E92EA58F}.Debug|Any CPU.Build.0 = Debug|Any CPU
		{F7BAFE53-29B9-42F6-84D1-A396E92EA58F}.Release|Any CPU.ActiveCfg = Release|Any CPU
		{F7BAFE53-29B9-42F6-84D1-A396E92EA58F}.Release|Any CPU.Build.0 = Release|Any CPU
	EndGlobalSection
	GlobalSection(SolutionProperties) = preSolution
		HideSolutionNode = FALSE
	EndGlobalSection
	GlobalSection(ExtensibilityGlobals) = postSolution
		SolutionGuid = {5B71118E-F11C-40C0-B5CF-B55D0081874E}
	EndGlobalSection
EndGlobal
